{
  "pins" : [
    {
      "identity" : "abseil-cpp-swiftpm",
      "kind" : "remoteSourceControl",
      "location" : "https://github.com/firebase/abseil-cpp-SwiftPM.git",
      "state" : {
        "revision" : "fffc3c2729be5747390ad02d5100291a0d9ad26a",
        "version" : "0.20200225.4"
      }
    },
    {
      "identity" : "alamofire",
      "kind" : "remoteSourceControl",
      "location" : "https://github.com/Alamofire/Alamofire.git",
      "state" : {
        "revision" : "f82c23a8a7ef8dc1a49a8bfc6a96883e79121864",
        "version" : "5.5.0"
      }
    },
    {
      "identity" : "appauth-ios",
      "kind" : "remoteSourceControl",
      "location" : "https://github.com/openid/AppAuth-iOS.git",
      "state" : {
        "revision" : "01131d68346c8ae552961c768d583c715fbe1410",
        "version" : "1.4.0"
      }
    },
    {
      "identity" : "bigint",
      "kind" : "remoteSourceControl",
      "location" : "https://github.com/attaswift/BigInt.git",
      "state" : {
        "revision" : "0ed110f7555c34ff468e72e1686e59721f2b0da6",
        "version" : "5.3.0"
      }
    },
    {
      "identity" : "biometricauthentication",
      "kind" : "remoteSourceControl",
      "location" : "https://github.com/rushisangani/BiometricAuthentication",
      "state" : {
        "revision" : "08ea3004ee26d7d56668b500aff902c6a2fd14b2",
        "version" : "3.1.3"
      }
    },
    {
      "identity" : "boringssl-swiftpm",
      "kind" : "remoteSourceControl",
      "location" : "https://github.com/firebase/boringssl-SwiftPM.git",
      "state" : {
        "revision" : "734a8247442fde37df4364c21f6a0085b6a36728",
        "version" : "0.7.2"
      }
    },
    {
      "identity" : "collectionviewpaginglayout",
      "kind" : "remoteSourceControl",
      "location" : "https://github.com/amirdew/CollectionViewPagingLayout",
      "state" : {
        "revision" : "1b2fc00ddb46de9937276b943093c215748627c4",
        "version" : "1.0.3"
      }
    },
    {
      "identity" : "firebase-ios-sdk",
      "kind" : "remoteSourceControl",
      "location" : "https://github.com/firebase/firebase-ios-sdk",
      "state" : {
        "revision" : "08686f04881483d2bc098b2696e674c0ba135e47",
        "version" : "8.10.0"
      }
    },
    {
      "identity" : "flow-swift",
      "kind" : "remoteSourceControl",
      "location" : "https://github.com/outblock/flow-swift",
      "state" : {
        "revision" : "0d3185c2cd4660dc55ac2c6da0b34335f0d39af0"
      }
    },
    {
      "identity" : "google-api-objectivec-client-for-rest",
      "kind" : "remoteSourceControl",
      "location" : "https://github.com/google/google-api-objectivec-client-for-rest",
      "state" : {
        "revision" : "392de3fb0d5350a874396e7651541e8755322be1"
      }
    },
    {
      "identity" : "googleappmeasurement",
      "kind" : "remoteSourceControl",
      "location" : "https://github.com/google/GoogleAppMeasurement.git",
      "state" : {
        "revision" : "9b2f6aca5b4685c45f9f5481f19bee8e7982c538",
        "version" : "8.9.1"
      }
    },
    {
      "identity" : "googledatatransport",
      "kind" : "remoteSourceControl",
      "location" : "https://github.com/google/GoogleDataTransport.git",
      "state" : {
        "revision" : "15ccdfd25ac55b9239b82809531ff26605e7556e",
        "version" : "9.1.2"
      }
    },
    {
      "identity" : "googlesignin-ios",
      "kind" : "remoteSourceControl",
      "location" : "https://github.com/google/GoogleSignIn-iOS",
      "state" : {
        "revision" : "60ca2bfd218ccb194a746a79b41d9d50eb7e3af0",
        "version" : "6.1.0"
      }
    },
    {
      "identity" : "googleutilities",
      "kind" : "remoteSourceControl",
      "location" : "https://github.com/google/GoogleUtilities.git",
      "state" : {
        "revision" : "797005ad8a1f0614063933e2fa010a5d13cb09d0",
        "version" : "7.6.0"
      }
    },
    {
      "identity" : "grpc-swiftpm",
      "kind" : "remoteSourceControl",
      "location" : "https://github.com/firebase/grpc-SwiftPM.git",
      "state" : {
        "revision" : "fb405dd2c7901485f7e158b24e3a0a47e4efd8b5",
        "version" : "1.28.4"
      }
    },
    {
      "identity" : "gtm-session-fetcher",
      "kind" : "remoteSourceControl",
      "location" : "https://github.com/google/gtm-session-fetcher.git",
      "state" : {
        "revision" : "bc6a19702ac76ac4e488b68148710eb815f9bc56",
        "version" : "1.7.0"
      }
    },
    {
      "identity" : "gtmappauth",
      "kind" : "remoteSourceControl",
      "location" : "https://github.com/google/GTMAppAuth.git",
      "state" : {
        "revision" : "40f4103fb52109032c05599a0c39ad43edbdf80a",
        "version" : "1.2.2"
      }
    },
    {
      "identity" : "hanekeswift",
      "kind" : "remoteSourceControl",
      "location" : "https://github.com/Haneke/HanekeSwift",
      "state" : {
        "branch" : "master",
        "revision" : "a2e8e5b9a91eef90138a4f43c9a0044c4e90a6ef"
      }
    },
    {
      "identity" : "irregulargradient",
      "kind" : "remoteSourceControl",
      "location" : "https://github.com/joogps/IrregularGradient",
      "state" : {
        "branch" : "main",
        "revision" : "b6f4dfdea82782ae4c890adbec78957709edd30a"
      }
    },
    {
      "identity" : "keychainaccess",
      "kind" : "remoteSourceControl",
      "location" : "https://github.com/kishikawakatsumi/KeychainAccess",
      "state" : {
        "revision" : "84e546727d66f1adc5439debad16270d0fdd04e7",
        "version" : "4.2.2"
      }
    },
    {
      "identity" : "kingfisher",
      "kind" : "remoteSourceControl",
      "location" : "https://github.com/onevcat/Kingfisher",
      "state" : {
        "revision" : "0c02c46cfdc0656ce74fd0963a75e5000a0b7f23",
        "version" : "7.1.2"
      }
    },
    {
      "identity" : "leveldb",
      "kind" : "remoteSourceControl",
      "location" : "https://github.com/firebase/leveldb.git",
      "state" : {
        "revision" : "0706abcc6b0bd9cedfbb015ba840e4a780b5159b",
        "version" : "1.22.2"
      }
    },
    {
      "identity" : "moya",
      "kind" : "remoteSourceControl",
      "location" : "https://github.com/Moya/Moya",
      "state" : {
        "revision" : "9b906860e3c3c09032879465c471e6375829593f",
        "version" : "15.0.0"
      }
    },
    {
      "identity" : "nanopb",
      "kind" : "remoteSourceControl",
      "location" : "https://github.com/firebase/nanopb.git",
      "state" : {
        "revision" : "7ee9ef9f627d85cbe1b8c4f49a3ed26eed216c77",
        "version" : "2.30908.0"
      }
    },
    {
      "identity" : "promises",
      "kind" : "remoteSourceControl",
      "location" : "https://github.com/google/promises.git",
      "state" : {
        "revision" : "611337c330350c9c1823ad6d671e7f936af5ee13",
        "version" : "2.0.0"
      }
    },
    {
      "identity" : "reactiveswift",
      "kind" : "remoteSourceControl",
      "location" : "https://github.com/ReactiveCocoa/ReactiveSwift.git",
      "state" : {
        "revision" : "c43bae3dac73fdd3cb906bd5a1914686ca71ed3c",
        "version" : "6.7.0"
      }
    },
    {
      "identity" : "resolver",
      "kind" : "remoteSourceControl",
      "location" : "https://github.com/hmlongco/Resolver",
      "state" : {
        "revision" : "97de0b0320036607564af4a60025b48f8d041221",
        "version" : "1.5.0"
      }
    },
    {
      "identity" : "rxswift",
      "kind" : "remoteSourceControl",
      "location" : "https://github.com/ReactiveX/RxSwift.git",
      "state" : {
        "revision" : "7c17a6ccca06b5c107cfa4284e634562ddaf5951",
        "version" : "6.2.0"
      }
    },
    {
      "identity" : "skeletonui",
      "kind" : "remoteSourceControl",
      "location" : "https://github.com/CSolanaM/SkeletonUI.git",
      "state" : {
        "revision" : "132f12a34b7fdab275bfc61968749b1f11c36300",
        "version" : "1.0.7"
      }
    },
    {
      "identity" : "spconfetti",
      "kind" : "remoteSourceControl",
      "location" : "https://github.com/ivanvorobei/SPConfetti",
      "state" : {
        "revision" : "257a8674c62212a3919abd1f9cb31dc2fc7b0992",
        "version" : "1.4.1"
      }
    },
    {
      "identity" : "spindicator",
      "kind" : "remoteSourceControl",
      "location" : "https://github.com/ivanvorobei/SPIndicator",
      "state" : {
        "revision" : "17fc8e08b5428e9553f5dea7ebc8c201513a745c",
        "version" : "1.6.4"
      }
    },
    {
      "identity" : "stinsen",
      "kind" : "remoteSourceControl",
      "location" : "https://github.com/rundfunk47/stinsen",
      "state" : {
        "revision" : "add05384b65ae3e39474f51ab5b9281abd238c60",
        "version" : "2.0.9"
      }
    },
    {
      "identity" : "swift-protobuf",
      "kind" : "remoteSourceControl",
      "location" : "https://github.com/apple/swift-protobuf.git",
      "state" : {
        "revision" : "e1499bc69b9040b29184f7f2996f7bab467c1639",
        "version" : "1.19.0"
      }
    },
    {
      "identity" : "swift-snapshot-testing",
      "kind" : "remoteSourceControl",
      "location" : "https://github.com/pointfreeco/swift-snapshot-testing",
      "state" : {
        "revision" : "f8a9c997c3c1dab4e216a8ec9014e23144cbab37",
        "version" : "1.9.0"
      }
    },
    {
      "identity" : "swiftui-introspect",
      "kind" : "remoteSourceControl",
      "location" : "https://github.com/siteline/SwiftUI-Introspect",
      "state" : {
        "revision" : "2e09be8af614401bc9f87d40093ec19ce56ccaf2",
        "version" : "0.1.3"
      }
    },
    {
      "identity" : "swiftuix",
      "kind" : "remoteSourceControl",
      "location" : "https://github.com/SwiftUIX/SwiftUIX",
      "state" : {
        "branch" : "master",
        "revision" : "f05b66cd75dad8cf7edf55cccc75bec90057e934"
      }
    }
  ],
  "version" : 2
}
